
Microsoft Visual Studio Solution File, Format Version 12.00
# Visual Studio Version 17
VisualStudioVersion = 17.3.32825.248
MinimumVisualStudioVersion = 10.0.40219.1
Project("{FAE04EC0-301F-11D3-BF4B-00C04F79EFBC}") = "LeanderAudioConverter", "LeanderAudioConverter\LeanderAudioConverter.csproj", "{B9B553C5-41BB-44CE-A3EC-083FD5AEE439}"
EndProject
Global
	GlobalSection(SolutionConfigurationPlatforms) = preSolution
		Debug|Any CPU = Debug|Any CPU
		Release|Any CPU = Release|Any CPU
	EndGlobalSection
	GlobalSection(ProjectConfigurationPlatforms) = postSolution
		{B9B553C5-41BB-44CE-A3EC-083FD5AEE439}.Debug|Any CPU.ActiveCfg = Debug|Any CPU
		{B9B553C5-41BB-44CE-A3EC-083FD5AEE439}.Debug|Any CPU.Build.0 = Debug|Any CPU
		{B9B553C5-41BB-44CE-A3EC-083FD5AEE439}.Release|Any CPU.ActiveCfg = Release|Any CPU
		{B9B553C5-41BB-44CE-A3EC-083FD5AEE439}.Release|Any CPU.Build.0 = Release|Any CPU
	EndGlobalSection
	GlobalSection(SolutionProperties) = preSolution
		HideSolutionNode = FALSE
	EndGlobalSection
	GlobalSection(ExtensibilityGlobals) = postSolution
		SolutionGuid = {C578FFFB-390B-48D8-B251-0AAAEC90F376}
	EndGlobalSection
EndGlobal
